
Microsoft Visual Studio Solution File, Format Version 12.00
# Visual Studio 15
VisualStudioVersion = 15.0.28307.1022
MinimumVisualStudioVersion = 10.0.40219.1
Project("{8BC9CEB8-8B4A-11D0-8D11-00A0C91BC942}") = "20200722", "20200722\20200722.vcxproj", "{C0C2ED0A-0F2B-4D2D-A9FD-F071C5D3C80A}"
EndProject
Global
	GlobalSection(SolutionConfigurationPlatforms) = preSolution
		Debug|x64 = Debug|x64
		Debug|x86 = Debug|x86
		Release|x64 = Release|x64
		Release|x86 = Release|x86
	EndGlobalSection
	GlobalSection(ProjectConfigurationPlatforms) = postSolution
		{C0C2ED0A-0F2B-4D2D-A9FD-F071C5D3C80A}.Debug|x64.ActiveCfg = Debug|x64
		{C0C2ED0A-0F2B-4D2D-A9FD-F071C5D3C80A}.Debug|x64.Build.0 = Debug|x64
		{C0C2ED0A-0F2B-4D2D-A9FD-F071C5D3C80A}.Debug|x86.ActiveCfg = Debug|Win32
		{C0C2ED0A-0F2B-4D2D-A9FD-F071C5D3C80A}.Debug|x86.Build.0 = Debug|Win32
		{C0C2ED0A-0F2B-4D2D-A9FD-F071C5D3C80A}.Release|x64.ActiveCfg = Release|x64
		{C0C2ED0A-0F2B-4D2D-A9FD-F071C5D3C80A}.Release|x64.Build.0 = Release|x64
		{C0C2ED0A-0F2B-4D2D-A9FD-F071C5D3C80A}.Release|x86.ActiveCfg = Release|Win32
		{C0C2ED0A-0F2B-4D2D-A9FD-F071C5D3C80A}.Release|x86.Build.0 = Release|Win32
	EndGlobalSection
	GlobalSection(SolutionProperties) = preSolution
		HideSolutionNode = FALSE
	EndGlobalSection
	GlobalSection(ExtensibilityGlobals) = postSolution
		SolutionGuid = {4819D6E3-9FBF-46A7-B597-83855362A5F7}
	EndGlobalSection
EndGlobal
